<Solution>
  <Project Path="src/Api/Api.csproj" />
  <Project Path="src/Infrastructure/Infrastructure.csproj" />
  <Project Path="src/Model/Model.csproj" />
  <Project Path="src/Service/Service.csproj" />
  <Project Path="tests/ApiTest/ApiTest.csproj" />
  <Project Path="tests/ModelTest/ModelTest.csproj" />
  <Project Path="tests/ServiceTest/ServiceTest.csproj" />
</Solution>
